
Microsoft Visual Studio Solution File, Format Version 12.00
# Visual Studio Version 17
VisualStudioVersion = 17.14.36915.13 d17.14
MinimumVisualStudioVersion = 10.0.40219.1
Project("{FAE04EC0-301F-11D3-BF4B-00C04F79EFBC}") = "WindTurbineServer", "WindTurbineServer\WindTurbineServer.csproj", "{20F28927-A6BA-445A-AEB8-7D63BC407EAD}"
EndProject
Project("{FAE04EC0-301F-11D3-BF4B-00C04F79EFBC}") = "WindTurbineClient", "WindTurbineClient\WindTurbineClient.csproj", "{9B433F6F-8D81-445C-A2F4-5A75F0E52C23}"
EndProject
Project("{FAE04EC0-301F-11D3-BF4B-00C04F79EFBC}") = "WindTurbineContracts", "WindTurbineContracts\WindTurbineContracts.csproj", "{EC041789-1BBA-446E-A8B2-A3CA295A6493}"
EndProject
Global
	GlobalSection(SolutionConfigurationPlatforms) = preSolution
		Debug|Any CPU = Debug|Any CPU
		Release|Any CPU = Release|Any CPU
	EndGlobalSection
	GlobalSection(ProjectConfigurationPlatforms) = postSolution
		{20F28927-A6BA-445A-AEB8-7D63BC407EAD}.Debug|Any CPU.ActiveCfg = Debug|Any CPU
		{20F28927-A6BA-445A-AEB8-7D63BC407EAD}.Debug|Any CPU.Build.0 = Debug|Any CPU
		{20F28927-A6BA-445A-AEB8-7D63BC407EAD}.Release|Any CPU.ActiveCfg = Release|Any CPU
		{20F28927-A6BA-445A-AEB8-7D63BC407EAD}.Release|Any CPU.Build.0 = Release|Any CPU
		{9B433F6F-8D81-445C-A2F4-5A75F0E52C23}.Debug|Any CPU.ActiveCfg = Debug|Any CPU
		{9B433F6F-8D81-445C-A2F4-5A75F0E52C23}.Debug|Any CPU.Build.0 = Debug|Any CPU
		{9B433F6F-8D81-445C-A2F4-5A75F0E52C23}.Release|Any CPU.ActiveCfg = Release|Any CPU
		{9B433F6F-8D81-445C-A2F4-5A75F0E52C23}.Release|Any CPU.Build.0 = Release|Any CPU
		{EC041789-1BBA-446E-A8B2-A3CA295A6493}.Debug|Any CPU.ActiveCfg = Debug|Any CPU
		{EC041789-1BBA-446E-A8B2-A3CA295A6493}.Debug|Any CPU.Build.0 = Debug|Any CPU
		{EC041789-1BBA-446E-A8B2-A3CA295A6493}.Release|Any CPU.ActiveCfg = Release|Any CPU
		{EC041789-1BBA-446E-A8B2-A3CA295A6493}.Release|Any CPU.Build.0 = Release|Any CPU
	EndGlobalSection
	GlobalSection(SolutionProperties) = preSolution
		HideSolutionNode = FALSE
	EndGlobalSection
	GlobalSection(ExtensibilityGlobals) = postSolution
		SolutionGuid = {1251B9B9-B5C7-4799-8968-F0B13C457FF1}
	EndGlobalSection
EndGlobal
